<?xml version="1.0" encoding="utf-8"?>
<Project ToolsVersion="4.0" xmlns="http://schemas.microsoft.com/developer/msbuild/2003">
  <ItemGroup>
    <Filter Include="源文件">
      <UniqueIdentifier>{4FC737F1-C7A5-4376-A066-2A32D752A2FF}</UniqueIdentifier>
      <Extensions>cpp;c;cc;cxx;def;odl;idl;hpj;bat;asm;asmx</Extensions>
    </Filter>
    <Filter Include="头文件">
      <UniqueIdentifier>{93995380-89BD-4b04-88EB-625FBE52EBFB}</UniqueIdentifier>
      <Extensions>h;hh;hpp;hxx;hm;inl;inc;ipp;xsd</Extensions>
    </Filter>
    <Filter Include="资源文件">
      <UniqueIdentifier>{67DA6AB6-F800-4c08-8B7A-83BB121AAD01}</UniqueIdentifier>
      <Extensions>rc;ico;cur;bmp;dlg;rc2;rct;bin;rgs;gif;jpg;jpeg;jpe;resx;tiff;tif;png;wav;mfcribbon-ms</Extensions>
    </Filter>
    <Filter Include="源文件\UI">
      <UniqueIdentifier>{51cc0bf5-530c-4434-9e94-a86ae43fa60c}</UniqueIdentifier>
    </Filter>
    <Filter Include="头文件\UI">
      <UniqueIdentifier>{7be4a335-9d7e-489b-9cae-e876f0d2b430}</UniqueIdentifier>
    </Filter>
  </ItemGroup>
  <ItemGroup>
    <ClInclude Include="camera_Ex.h">
      <Filter>头文件</Filter>
    </ClInclude>
    <ClInclude Include="cube_Ex.h">
      <Filter>头文件</Filter>
    </ClInclude>
    <ClInclude Include="D3DObjMesh_Ex.h">
      <Filter>头文件</Filter>
    </ClInclude>
    <ClInclude Include="DataBuf.h">
      <Filter>头文件</Filter>
    </ClInclude>
    <ClInclude Include="debugproc.h">
      <Filter>头文件</Filter>
    </ClInclude>
    <ClInclude Include="GlobalFunction.h">
      <Filter>头文件</Filter>
    </ClInclude>
    <ClInclude Include="light_Ex.h">
      <Filter>头文件</Filter>
    </ClInclude>
    <ClInclude Include="main.h">
      <Filter>头文件</Filter>
    </ClInclude>
    <ClInclude Include="MeshSky_Ex.h">
      <Filter>头文件</Filter>
    </ClInclude>
    <ClInclude Include="model_Ex.h">
      <Filter>头文件</Filter>
    </ClInclude>
    <ClInclude Include="obj_plant_Ex.h">
      <Filter>头文件</Filter>
    </ClInclude>
    <ClInclude Include="ObjLoader.h">
      <Filter>头文件</Filter>
    </ClInclude>
    <ClInclude Include="ObjObjModel_Ex.h">
      <Filter>头文件</Filter>
    </ClInclude>
    <ClInclude Include="player.h">
      <Filter>头文件</Filter>
    </ClInclude>
    <ClInclude Include="Serialize.h">
      <Filter>头文件</Filter>
    </ClInclude>
    <ClInclude Include="input.h">
      <Filter>头文件</Filter>
    </ClInclude>
    <ClInclude Include="quarTree.h">
      <Filter>头文件</Filter>
    </ClInclude>
    <ClInclude Include="BoxCollider.h">
      <Filter>头文件</Filter>
    </ClInclude>
    <ClInclude Include="hit_event.h">
      <Filter>头文件</Filter>
    </ClInclude>
    <ClInclude Include="sphereCollider.h">
      <Filter>头文件</Filter>
    </ClInclude>
    <ClInclude Include="Scene.h">
      <Filter>头文件</Filter>
    </ClInclude>
    <ClInclude Include="GameEvent.h">
      <Filter>头文件</Filter>
    </ClInclude>
    <ClInclude Include="AllocateHierarchyClass.h">
      <Filter>头文件</Filter>
    </ClInclude>
    <ClInclude Include="player1.h">
      <Filter>头文件</Filter>
    </ClInclude>
    <ClInclude Include="cylinderCollider.h">
      <Filter>头文件</Filter>
    </ClInclude>
    <ClInclude Include="GameMath.h">
      <Filter>头文件</Filter>
    </ClInclude>
    <ClInclude Include="Enemy_wolf.h">
      <Filter>头文件</Filter>
    </ClInclude>
    <ClInclude Include="GameAi.h">
      <Filter>头文件</Filter>
    </ClInclude>
    <ClInclude Include="Time_c.h">
      <Filter>头文件</Filter>
    </ClInclude>
    <ClInclude Include="UiPlayerHp.h">
      <Filter>头文件\UI</Filter>
    </ClInclude>
    <ClInclude Include="fade.h">
      <Filter>头文件\UI</Filter>
    </ClInclude>
    <ClInclude Include="shadow.h">
      <Filter>头文件</Filter>
    </ClInclude>
    <ClInclude Include="UiEnemyHp.h">
      <Filter>头文件\UI</Filter>
    </ClInclude>
    <ClInclude Include="fog.h">
      <Filter>头文件</Filter>
    </ClInclude>
    <ClInclude Include="UiSmallMap.h">
      <Filter>头文件\UI</Filter>
    </ClInclude>
    <ClInclude Include="UiGoods.h">
      <Filter>头文件\UI</Filter>
    </ClInclude>
    <ClInclude Include="EnemyCannibal.h">
      <Filter>头文件</Filter>
    </ClInclude>
    <ClInclude Include="effect.h">
      <Filter>头文件</Filter>
    </ClInclude>
    <ClInclude Include="SoulEffect.h">
      <Filter>头文件</Filter>
    </ClInclude>
    <ClInclude Include="sound.h">
      <Filter>头文件</Filter>
    </ClInclude>
    <ClInclude Include="bullet.h">
      <Filter>头文件</Filter>
    </ClInclude>
    <ClInclude Include="EnemyBossWolf.h">
      <Filter>头文件</Filter>
    </ClInclude>
    <ClInclude Include="UiFontPrint.h">
      <Filter>头文件\UI</Filter>
    </ClInclude>
    <ClInclude Include="MapManager.h">
      <Filter>头文件</Filter>
    </ClInclude>
  </ItemGroup>
  <ItemGroup>
    <ClCompile Include="MeshSky_Ex.cpp">
      <Filter>源文件</Filter>
    </ClCompile>
    <ClCompile Include="model_Ex.cpp">
      <Filter>源文件</Filter>
    </ClCompile>
    <ClCompile Include="obj_plant_Ex.cpp">
      <Filter>源文件</Filter>
    </ClCompile>
    <ClCompile Include="ObjLoader.cpp">
      <Filter>源文件</Filter>
    </ClCompile>
    <ClCompile Include="ObjObjModel_Ex.cpp">
      <Filter>源文件</Filter>
    </ClCompile>
    <ClCompile Include="player.cpp">
      <Filter>源文件</Filter>
    </ClCompile>
    <ClCompile Include="Serialize.cpp">
      <Filter>源文件</Filter>
    </ClCompile>
    <ClCompile Include="camera_Ex.cpp">
      <Filter>源文件</Filter>
    </ClCompile>
    <ClCompile Include="cube_Ex.cpp">
      <Filter>源文件</Filter>
    </ClCompile>
    <ClCompile Include="D3DObjMesh_Ex.cpp">
      <Filter>源文件</Filter>
    </ClCompile>
    <ClCompile Include="DataBuf.cpp">
      <Filter>源文件</Filter>
    </ClCompile>
    <ClCompile Include="debugproc.cpp">
      <Filter>源文件</Filter>
    </ClCompile>
    <ClCompile Include="GlobalFunction.cpp">
      <Filter>源文件</Filter>
    </ClCompile>
    <ClCompile Include="light_Ex.cpp">
      <Filter>源文件</Filter>
    </ClCompile>
    <ClCompile Include="main.cpp">
      <Filter>源文件</Filter>
    </ClCompile>
    <ClCompile Include="input.cpp">
      <Filter>源文件</Filter>
    </ClCompile>
    <ClCompile Include="quarTree.cpp">
      <Filter>源文件</Filter>
    </ClCompile>
    <ClCompile Include="hit_event.cpp">
      <Filter>源文件</Filter>
    </ClCompile>
    <ClCompile Include="BoxCollider.cpp">
      <Filter>源文件</Filter>
    </ClCompile>
    <ClCompile Include="sphereCollider.cpp">
      <Filter>源文件</Filter>
    </ClCompile>
    <ClCompile Include="Scene.cpp">
      <Filter>源文件</Filter>
    </ClCompile>
    <ClCompile Include="GameEvent.cpp">
      <Filter>源文件</Filter>
    </ClCompile>
    <ClCompile Include="AllocateHierarchyClass.cpp">
      <Filter>源文件</Filter>
    </ClCompile>
    <ClCompile Include="player1.cpp">
      <Filter>源文件</Filter>
    </ClCompile>
    <ClCompile Include="cylinderCollider.cpp">
      <Filter>源文件</Filter>
    </ClCompile>
    <ClCompile Include="GameMath.cpp">
      <Filter>源文件</Filter>
    </ClCompile>
    <ClCompile Include="Enemy_wolf.cpp">
      <Filter>源文件</Filter>
    </ClCompile>
    <ClCompile Include="GameAi.cpp">
      <Filter>源文件</Filter>
    </ClCompile>
    <ClCompile Include="Time_c.cpp">
      <Filter>源文件</Filter>
    </ClCompile>
    <ClCompile Include="UiPlayerHp.cpp">
      <Filter>源文件\UI</Filter>
    </ClCompile>
    <ClCompile Include="fade.cpp">
      <Filter>源文件\UI</Filter>
    </ClCompile>
    <ClCompile Include="shadow.cpp">
      <Filter>源文件</Filter>
    </ClCompile>
    <ClCompile Include="UiEnemyHp.cpp">
      <Filter>源文件\UI</Filter>
    </ClCompile>
    <ClCompile Include="fog.cpp">
      <Filter>源文件</Filter>
    </ClCompile>
    <ClCompile Include="UiSmallMap.cpp">
      <Filter>源文件\UI</Filter>
    </ClCompile>
    <ClCompile Include="UiGoods.cpp">
      <Filter>源文件\UI</Filter>
    </ClCompile>
    <ClCompile Include="EnemyCannibal.cpp">
      <Filter>源文件</Filter>
    </ClCompile>
    <ClCompile Include="effect.cpp">
      <Filter>源文件</Filter>
    </ClCompile>
    <ClCompile Include="SoulEffect.cpp">
      <Filter>源文件</Filter>
    </ClCompile>
    <ClCompile Include="sound.cpp">
      <Filter>源文件</Filter>
    </ClCompile>
    <ClCompile Include="bullet.cpp">
      <Filter>源文件</Filter>
    </ClCompile>
    <ClCompile Include="EnemyBossWolf.cpp">
      <Filter>源文件</Filter>
    </ClCompile>
    <ClCompile Include="UiTitleMenu.h">
      <Filter>头文件\UI</Filter>
    </ClCompile>
    <ClCompile Include="UiTitleMenu.cpp">
      <Filter>源文件\UI</Filter>
    </ClCompile>
    <ClCompile Include="UiFontPrint.cpp">
      <Filter>源文件\UI</Filter>
    </ClCompile>
    <ClCompile Include="MapManager.cpp">
      <Filter>源文件</Filter>
    </ClCompile>
  </ItemGroup>
</Project>